
Microsoft Visual Studio Solution File, Format Version 12.00
# Visual Studio Version 17
VisualStudioVersion = 17.0.32112.339
MinimumVisualStudioVersion = 10.0.40219.1
Project("{8BC9CEB8-8B4A-11D0-8D11-00A0C91BC942}") = "Case00", "Case00\Case00.vcxproj", "{8E7DDB07-0A43-41C1-8BCD-84CDF34AB990}"
EndProject
Project("{8BC9CEB8-8B4A-11D0-8D11-00A0C91BC942}") = "Case01 - Client", "Case01 - Client\Case01 - Client.vcxproj", "{3A70CDB0-DDF1-4D0A-BB55-BE2B7E10509E}"
EndProject
Project("{8BC9CEB8-8B4A-11D0-8D11-00A0C91BC942}") = "Case01 - Server", "Case01 - Server\Case01 - Server.vcxproj", "{D69041EE-1F18-499A-84AA-65713651A65F}"
EndProject
Project("{8BC9CEB8-8B4A-11D0-8D11-00A0C91BC942}") = "Case02 - Client", "Case02 - Client\Case02 - Client.vcxproj", "{9245978D-0E68-4DC2-ABAB-F4C252886811}"
EndProject
Project("{8BC9CEB8-8B4A-11D0-8D11-00A0C91BC942}") = "Case02 - Server", "Case02 - Server\Case02 - Server.vcxproj", "{3C78D5C3-D4DB-499F-8DC9-4530D2A2B734}"
EndProject
Project("{8BC9CEB8-8B4A-11D0-8D11-00A0C91BC942}") = "Case03 - Server", "Case03 - Server\Case03 - Server.vcxproj", "{9FFC5943-452F-4689-8A6A-3A516202B431}"
EndProject
Project("{8BC9CEB8-8B4A-11D0-8D11-00A0C91BC942}") = "Case03 - Client", "Case03 - Client\Case03 - Client.vcxproj", "{C8B9F7BA-3BE8-4C00-AD3E-22AB6D3D5C28}"
EndProject
Project("{8BC9CEB8-8B4A-11D0-8D11-00A0C91BC942}") = "Case04 - Server", "Case04 - Multithread Server\Case04 - Server.vcxproj", "{1D1FF8A1-7FBF-4439-9F6C-8A7D980F0D79}"
EndProject
Global
	GlobalSection(SolutionConfigurationPlatforms) = preSolution
		Debug|x64 = Debug|x64
		Debug|x86 = Debug|x86
		Release|x64 = Release|x64
		Release|x86 = Release|x86
	EndGlobalSection
	GlobalSection(ProjectConfigurationPlatforms) = postSolution
		{8E7DDB07-0A43-41C1-8BCD-84CDF34AB990}.Debug|x64.ActiveCfg = Debug|x64
		{8E7DDB07-0A43-41C1-8BCD-84CDF34AB990}.Debug|x64.Build.0 = Debug|x64
		{8E7DDB07-0A43-41C1-8BCD-84CDF34AB990}.Debug|x86.ActiveCfg = Debug|Win32
		{8E7DDB07-0A43-41C1-8BCD-84CDF34AB990}.Debug|x86.Build.0 = Debug|Win32
		{8E7DDB07-0A43-41C1-8BCD-84CDF34AB990}.Release|x64.ActiveCfg = Release|x64
		{8E7DDB07-0A43-41C1-8BCD-84CDF34AB990}.Release|x64.Build.0 = Release|x64
		{8E7DDB07-0A43-41C1-8BCD-84CDF34AB990}.Release|x86.ActiveCfg = Release|Win32
		{8E7DDB07-0A43-41C1-8BCD-84CDF34AB990}.Release|x86.Build.0 = Release|Win32
		{3A70CDB0-DDF1-4D0A-BB55-BE2B7E10509E}.Debug|x64.ActiveCfg = Debug|x64
		{3A70CDB0-DDF1-4D0A-BB55-BE2B7E10509E}.Debug|x64.Build.0 = Debug|x64
		{3A70CDB0-DDF1-4D0A-BB55-BE2B7E10509E}.Debug|x86.ActiveCfg = Debug|Win32
		{3A70CDB0-DDF1-4D0A-BB55-BE2B7E10509E}.Debug|x86.Build.0 = Debug|Win32
		{3A70CDB0-DDF1-4D0A-BB55-BE2B7E10509E}.Release|x64.ActiveCfg = Release|x64
		{3A70CDB0-DDF1-4D0A-BB55-BE2B7E10509E}.Release|x64.Build.0 = Release|x64
		{3A70CDB0-DDF1-4D0A-BB55-BE2B7E10509E}.Release|x86.ActiveCfg = Release|Win32
		{3A70CDB0-DDF1-4D0A-BB55-BE2B7E10509E}.Release|x86.Build.0 = Release|Win32
		{D69041EE-1F18-499A-84AA-65713651A65F}.Debug|x64.ActiveCfg = Debug|x64
		{D69041EE-1F18-499A-84AA-65713651A65F}.Debug|x64.Build.0 = Debug|x64
		{D69041EE-1F18-499A-84AA-65713651A65F}.Debug|x86.ActiveCfg = Debug|Win32
		{D69041EE-1F18-499A-84AA-65713651A65F}.Debug|x86.Build.0 = Debug|Win32
		{D69041EE-1F18-499A-84AA-65713651A65F}.Release|x64.ActiveCfg = Release|x64
		{D69041EE-1F18-499A-84AA-65713651A65F}.Release|x64.Build.0 = Release|x64
		{D69041EE-1F18-499A-84AA-65713651A65F}.Release|x86.ActiveCfg = Release|Win32
		{D69041EE-1F18-499A-84AA-65713651A65F}.Release|x86.Build.0 = Release|Win32
		{9245978D-0E68-4DC2-ABAB-F4C252886811}.Debug|x64.ActiveCfg = Debug|x64
		{9245978D-0E68-4DC2-ABAB-F4C252886811}.Debug|x64.Build.0 = Debug|x64
		{9245978D-0E68-4DC2-ABAB-F4C252886811}.Debug|x86.ActiveCfg = Debug|Win32
		{9245978D-0E68-4DC2-ABAB-F4C252886811}.Debug|x86.Build.0 = Debug|Win32
		{9245978D-0E68-4DC2-ABAB-F4C252886811}.Release|x64.ActiveCfg = Release|x64
		{9245978D-0E68-4DC2-ABAB-F4C252886811}.Release|x64.Build.0 = Release|x64
		{9245978D-0E68-4DC2-ABAB-F4C252886811}.Release|x86.ActiveCfg = Release|Win32
		{9245978D-0E68-4DC2-ABAB-F4C252886811}.Release|x86.Build.0 = Release|Win32
		{3C78D5C3-D4DB-499F-8DC9-4530D2A2B734}.Debug|x64.ActiveCfg = Debug|x64
		{3C78D5C3-D4DB-499F-8DC9-4530D2A2B734}.Debug|x64.Build.0 = Debug|x64
		{3C78D5C3-D4DB-499F-8DC9-4530D2A2B734}.Debug|x86.ActiveCfg = Debug|Win32
		{3C78D5C3-D4DB-499F-8DC9-4530D2A2B734}.Debug|x86.Build.0 = Debug|Win32
		{3C78D5C3-D4DB-499F-8DC9-4530D2A2B734}.Release|x64.ActiveCfg = Release|x64
		{3C78D5C3-D4DB-499F-8DC9-4530D2A2B734}.Release|x64.Build.0 = Release|x64
		{3C78D5C3-D4DB-499F-8DC9-4530D2A2B734}.Release|x86.ActiveCfg = Release|Win32
		{3C78D5C3-D4DB-499F-8DC9-4530D2A2B734}.Release|x86.Build.0 = Release|Win32
		{9FFC5943-452F-4689-8A6A-3A516202B431}.Debug|x64.ActiveCfg = Debug|x64
		{9FFC5943-452F-4689-8A6A-3A516202B431}.Debug|x64.Build.0 = Debug|x64
		{9FFC5943-452F-4689-8A6A-3A516202B431}.Debug|x86.ActiveCfg = Debug|Win32
		{9FFC5943-452F-4689-8A6A-3A516202B431}.Debug|x86.Build.0 = Debug|Win32
		{9FFC5943-452F-4689-8A6A-3A516202B431}.Release|x64.ActiveCfg = Release|x64
		{9FFC5943-452F-4689-8A6A-3A516202B431}.Release|x64.Build.0 = Release|x64
		{9FFC5943-452F-4689-8A6A-3A516202B431}.Release|x86.ActiveCfg = Release|Win32
		{9FFC5943-452F-4689-8A6A-3A516202B431}.Release|x86.Build.0 = Release|Win32
		{C8B9F7BA-3BE8-4C00-AD3E-22AB6D3D5C28}.Debug|x64.ActiveCfg = Debug|x64
		{C8B9F7BA-3BE8-4C00-AD3E-22AB6D3D5C28}.Debug|x64.Build.0 = Debug|x64
		{C8B9F7BA-3BE8-4C00-AD3E-22AB6D3D5C28}.Debug|x86.ActiveCfg = Debug|Win32
		{C8B9F7BA-3BE8-4C00-AD3E-22AB6D3D5C28}.Debug|x86.Build.0 = Debug|Win32
		{C8B9F7BA-3BE8-4C00-AD3E-22AB6D3D5C28}.Release|x64.ActiveCfg = Release|x64
		{C8B9F7BA-3BE8-4C00-AD3E-22AB6D3D5C28}.Release|x64.Build.0 = Release|x64
		{C8B9F7BA-3BE8-4C00-AD3E-22AB6D3D5C28}.Release|x86.ActiveCfg = Release|Win32
		{C8B9F7BA-3BE8-4C00-AD3E-22AB6D3D5C28}.Release|x86.Build.0 = Release|Win32
		{1D1FF8A1-7FBF-4439-9F6C-8A7D980F0D79}.Debug|x64.ActiveCfg = Debug|x64
		{1D1FF8A1-7FBF-4439-9F6C-8A7D980F0D79}.Debug|x64.Build.0 = Debug|x64
		{1D1FF8A1-7FBF-4439-9F6C-8A7D980F0D79}.Debug|x86.ActiveCfg = Debug|Win32
		{1D1FF8A1-7FBF-4439-9F6C-8A7D980F0D79}.Debug|x86.Build.0 = Debug|Win32
		{1D1FF8A1-7FBF-4439-9F6C-8A7D980F0D79}.Release|x64.ActiveCfg = Release|x64
		{1D1FF8A1-7FBF-4439-9F6C-8A7D980F0D79}.Release|x64.Build.0 = Release|x64
		{1D1FF8A1-7FBF-4439-9F6C-8A7D980F0D79}.Release|x86.ActiveCfg = Release|Win32
		{1D1FF8A1-7FBF-4439-9F6C-8A7D980F0D79}.Release|x86.Build.0 = Release|Win32
	EndGlobalSection
	GlobalSection(SolutionProperties) = preSolution
		HideSolutionNode = FALSE
	EndGlobalSection
	GlobalSection(ExtensibilityGlobals) = postSolution
		SolutionGuid = {23B5394F-0442-4050-8870-302DCB0856DA}
	EndGlobalSection
EndGlobal
