
Microsoft Visual Studio Solution File, Format Version 12.00
# Visual Studio Version 17
VisualStudioVersion = 17.0.32112.339
MinimumVisualStudioVersion = 10.0.40219.1
Project("{8BC9CEB8-8B4A-11D0-8D11-00A0C91BC942}") = "Case00", "Case00\Case00.vcxproj", "{8E7DDB07-0A43-41C1-8BCD-84CDF34AB990}"
EndProject
Project("{8BC9CEB8-8B4A-11D0-8D11-00A0C91BC942}") = "Practice00", "Practice00\Practice00.vcxproj", "{346C2A81-D301-489F-8D10-839AB894BC55}"
EndProject
Project("{8BC9CEB8-8B4A-11D0-8D11-00A0C91BC942}") = "Case01 - Client", "Case01 - Client\Case01 - Client.vcxproj", "{3A70CDB0-DDF1-4D0A-BB55-BE2B7E10509E}"
EndProject
Project("{8BC9CEB8-8B4A-11D0-8D11-00A0C91BC942}") = "Practice01", "Practice01\Practice01.vcxproj", "{29B69FB9-0CF5-48F5-8EC5-01C01B06CBEB}"
EndProject
Project("{8BC9CEB8-8B4A-11D0-8D11-00A0C91BC942}") = "Practice02", "Practice02\Practice02.vcxproj", "{5C5D0534-D10D-44E3-8630-7641E44EF41F}"
EndProject
Project("{8BC9CEB8-8B4A-11D0-8D11-00A0C91BC942}") = "Case01 - Server", "Case01 - Server\Case01 - Server.vcxproj", "{D69041EE-1F18-499A-84AA-65713651A65F}"
EndProject
Project("{8BC9CEB8-8B4A-11D0-8D11-00A0C91BC942}") = "Practice02 - Client", "Practice02 - Client\Practice02 - Client.vcxproj", "{98AE4FA6-9F0D-4B3F-BFD1-1BC05D9DA116}"
EndProject
Project("{8BC9CEB8-8B4A-11D0-8D11-00A0C91BC942}") = "Case02 - Client", "Case02 - Client\Case02 - Client.vcxproj", "{9245978D-0E68-4DC2-ABAB-F4C252886811}"
EndProject
Project("{8BC9CEB8-8B4A-11D0-8D11-00A0C91BC942}") = "Practice 03 - Overlapped IO Server", "Practice03 - Overlapped IO\Practice03 - Overlapped IO.vcxproj", "{92F62320-82E8-406A-94F6-C9605CB53F2F}"
EndProject
Project("{8BC9CEB8-8B4A-11D0-8D11-00A0C91BC942}") = "Practice 03 - Overlapped IO Client", "Practice 03 - Overlapped IO Client\Practice 03 - Overlapped IO Client.vcxproj", "{46FE60E6-D3FB-4BDD-AB0C-5DC21D281959}"
EndProject
Project("{8BC9CEB8-8B4A-11D0-8D11-00A0C91BC942}") = "Practice 04 - Multiplayer Overlapped IO Server", "Practice 04 - Multiplayer Overlapped IO Server\Practice 04 - Multiplayer Overlapped IO Server.vcxproj", "{16C75A6E-0D21-4608-BFB0-4607BED64FAF}"
EndProject
Project("{8BC9CEB8-8B4A-11D0-8D11-00A0C91BC942}") = "Practice 05 - Chat Server", "Practice 05 - Chat Server\Practice 05 - Chat Server.vcxproj", "{B43EA864-555D-4FA0-87E8-249A68D4D313}"
EndProject
Project("{8BC9CEB8-8B4A-11D0-8D11-00A0C91BC942}") = "Practice 05 - Chat Client", "Practice 05 - Chat Client\Practice 05 - Chat Client.vcxproj", "{AAA992E2-170D-4F34-AB86-D384EB9DEE98}"
EndProject
Project("{8BC9CEB8-8B4A-11D0-8D11-00A0C91BC942}") = "Case02 - Server", "Case02 - Server\Case02 - Server.vcxproj", "{3C78D5C3-D4DB-499F-8DC9-4530D2A2B734}"
EndProject
Global
	GlobalSection(SolutionConfigurationPlatforms) = preSolution
		Debug|x64 = Debug|x64
		Debug|x86 = Debug|x86
		Release|x64 = Release|x64
		Release|x86 = Release|x86
	EndGlobalSection
	GlobalSection(ProjectConfigurationPlatforms) = postSolution
		{8E7DDB07-0A43-41C1-8BCD-84CDF34AB990}.Debug|x64.ActiveCfg = Debug|x64
		{8E7DDB07-0A43-41C1-8BCD-84CDF34AB990}.Debug|x64.Build.0 = Debug|x64
		{8E7DDB07-0A43-41C1-8BCD-84CDF34AB990}.Debug|x86.ActiveCfg = Debug|Win32
		{8E7DDB07-0A43-41C1-8BCD-84CDF34AB990}.Debug|x86.Build.0 = Debug|Win32
		{8E7DDB07-0A43-41C1-8BCD-84CDF34AB990}.Release|x64.ActiveCfg = Release|x64
		{8E7DDB07-0A43-41C1-8BCD-84CDF34AB990}.Release|x64.Build.0 = Release|x64
		{8E7DDB07-0A43-41C1-8BCD-84CDF34AB990}.Release|x86.ActiveCfg = Release|Win32
		{8E7DDB07-0A43-41C1-8BCD-84CDF34AB990}.Release|x86.Build.0 = Release|Win32
		{346C2A81-D301-489F-8D10-839AB894BC55}.Debug|x64.ActiveCfg = Debug|x64
		{346C2A81-D301-489F-8D10-839AB894BC55}.Debug|x64.Build.0 = Debug|x64
		{346C2A81-D301-489F-8D10-839AB894BC55}.Debug|x86.ActiveCfg = Debug|Win32
		{346C2A81-D301-489F-8D10-839AB894BC55}.Debug|x86.Build.0 = Debug|Win32
		{346C2A81-D301-489F-8D10-839AB894BC55}.Release|x64.ActiveCfg = Release|x64
		{346C2A81-D301-489F-8D10-839AB894BC55}.Release|x64.Build.0 = Release|x64
		{346C2A81-D301-489F-8D10-839AB894BC55}.Release|x86.ActiveCfg = Release|Win32
		{346C2A81-D301-489F-8D10-839AB894BC55}.Release|x86.Build.0 = Release|Win32
		{3A70CDB0-DDF1-4D0A-BB55-BE2B7E10509E}.Debug|x64.ActiveCfg = Debug|x64
		{3A70CDB0-DDF1-4D0A-BB55-BE2B7E10509E}.Debug|x64.Build.0 = Debug|x64
		{3A70CDB0-DDF1-4D0A-BB55-BE2B7E10509E}.Debug|x86.ActiveCfg = Debug|Win32
		{3A70CDB0-DDF1-4D0A-BB55-BE2B7E10509E}.Debug|x86.Build.0 = Debug|Win32
		{3A70CDB0-DDF1-4D0A-BB55-BE2B7E10509E}.Release|x64.ActiveCfg = Release|x64
		{3A70CDB0-DDF1-4D0A-BB55-BE2B7E10509E}.Release|x64.Build.0 = Release|x64
		{3A70CDB0-DDF1-4D0A-BB55-BE2B7E10509E}.Release|x86.ActiveCfg = Release|Win32
		{3A70CDB0-DDF1-4D0A-BB55-BE2B7E10509E}.Release|x86.Build.0 = Release|Win32
		{29B69FB9-0CF5-48F5-8EC5-01C01B06CBEB}.Debug|x64.ActiveCfg = Debug|x64
		{29B69FB9-0CF5-48F5-8EC5-01C01B06CBEB}.Debug|x64.Build.0 = Debug|x64
		{29B69FB9-0CF5-48F5-8EC5-01C01B06CBEB}.Debug|x86.ActiveCfg = Debug|Win32
		{29B69FB9-0CF5-48F5-8EC5-01C01B06CBEB}.Debug|x86.Build.0 = Debug|Win32
		{29B69FB9-0CF5-48F5-8EC5-01C01B06CBEB}.Release|x64.ActiveCfg = Release|x64
		{29B69FB9-0CF5-48F5-8EC5-01C01B06CBEB}.Release|x64.Build.0 = Release|x64
		{29B69FB9-0CF5-48F5-8EC5-01C01B06CBEB}.Release|x86.ActiveCfg = Release|Win32
		{29B69FB9-0CF5-48F5-8EC5-01C01B06CBEB}.Release|x86.Build.0 = Release|Win32
		{5C5D0534-D10D-44E3-8630-7641E44EF41F}.Debug|x64.ActiveCfg = Debug|x64
		{5C5D0534-D10D-44E3-8630-7641E44EF41F}.Debug|x64.Build.0 = Debug|x64
		{5C5D0534-D10D-44E3-8630-7641E44EF41F}.Debug|x86.ActiveCfg = Debug|Win32
		{5C5D0534-D10D-44E3-8630-7641E44EF41F}.Debug|x86.Build.0 = Debug|Win32
		{5C5D0534-D10D-44E3-8630-7641E44EF41F}.Release|x64.ActiveCfg = Release|x64
		{5C5D0534-D10D-44E3-8630-7641E44EF41F}.Release|x64.Build.0 = Release|x64
		{5C5D0534-D10D-44E3-8630-7641E44EF41F}.Release|x86.ActiveCfg = Release|Win32
		{5C5D0534-D10D-44E3-8630-7641E44EF41F}.Release|x86.Build.0 = Release|Win32
		{D69041EE-1F18-499A-84AA-65713651A65F}.Debug|x64.ActiveCfg = Debug|x64
		{D69041EE-1F18-499A-84AA-65713651A65F}.Debug|x64.Build.0 = Debug|x64
		{D69041EE-1F18-499A-84AA-65713651A65F}.Debug|x86.ActiveCfg = Debug|Win32
		{D69041EE-1F18-499A-84AA-65713651A65F}.Debug|x86.Build.0 = Debug|Win32
		{D69041EE-1F18-499A-84AA-65713651A65F}.Release|x64.ActiveCfg = Release|x64
		{D69041EE-1F18-499A-84AA-65713651A65F}.Release|x64.Build.0 = Release|x64
		{D69041EE-1F18-499A-84AA-65713651A65F}.Release|x86.ActiveCfg = Release|Win32
		{D69041EE-1F18-499A-84AA-65713651A65F}.Release|x86.Build.0 = Release|Win32
		{98AE4FA6-9F0D-4B3F-BFD1-1BC05D9DA116}.Debug|x64.ActiveCfg = Debug|x64
		{98AE4FA6-9F0D-4B3F-BFD1-1BC05D9DA116}.Debug|x64.Build.0 = Debug|x64
		{98AE4FA6-9F0D-4B3F-BFD1-1BC05D9DA116}.Debug|x86.ActiveCfg = Debug|Win32
		{98AE4FA6-9F0D-4B3F-BFD1-1BC05D9DA116}.Debug|x86.Build.0 = Debug|Win32
		{98AE4FA6-9F0D-4B3F-BFD1-1BC05D9DA116}.Release|x64.ActiveCfg = Release|x64
		{98AE4FA6-9F0D-4B3F-BFD1-1BC05D9DA116}.Release|x64.Build.0 = Release|x64
		{98AE4FA6-9F0D-4B3F-BFD1-1BC05D9DA116}.Release|x86.ActiveCfg = Release|Win32
		{98AE4FA6-9F0D-4B3F-BFD1-1BC05D9DA116}.Release|x86.Build.0 = Release|Win32
		{9245978D-0E68-4DC2-ABAB-F4C252886811}.Debug|x64.ActiveCfg = Debug|x64
		{9245978D-0E68-4DC2-ABAB-F4C252886811}.Debug|x64.Build.0 = Debug|x64
		{9245978D-0E68-4DC2-ABAB-F4C252886811}.Debug|x86.ActiveCfg = Debug|Win32
		{9245978D-0E68-4DC2-ABAB-F4C252886811}.Debug|x86.Build.0 = Debug|Win32
		{9245978D-0E68-4DC2-ABAB-F4C252886811}.Release|x64.ActiveCfg = Release|x64
		{9245978D-0E68-4DC2-ABAB-F4C252886811}.Release|x64.Build.0 = Release|x64
		{9245978D-0E68-4DC2-ABAB-F4C252886811}.Release|x86.ActiveCfg = Release|Win32
		{9245978D-0E68-4DC2-ABAB-F4C252886811}.Release|x86.Build.0 = Release|Win32
		{92F62320-82E8-406A-94F6-C9605CB53F2F}.Debug|x64.ActiveCfg = Debug|x64
		{92F62320-82E8-406A-94F6-C9605CB53F2F}.Debug|x64.Build.0 = Debug|x64
		{92F62320-82E8-406A-94F6-C9605CB53F2F}.Debug|x86.ActiveCfg = Debug|Win32
		{92F62320-82E8-406A-94F6-C9605CB53F2F}.Debug|x86.Build.0 = Debug|Win32
		{92F62320-82E8-406A-94F6-C9605CB53F2F}.Release|x64.ActiveCfg = Release|x64
		{92F62320-82E8-406A-94F6-C9605CB53F2F}.Release|x64.Build.0 = Release|x64
		{92F62320-82E8-406A-94F6-C9605CB53F2F}.Release|x86.ActiveCfg = Release|Win32
		{92F62320-82E8-406A-94F6-C9605CB53F2F}.Release|x86.Build.0 = Release|Win32
		{46FE60E6-D3FB-4BDD-AB0C-5DC21D281959}.Debug|x64.ActiveCfg = Debug|x64
		{46FE60E6-D3FB-4BDD-AB0C-5DC21D281959}.Debug|x64.Build.0 = Debug|x64
		{46FE60E6-D3FB-4BDD-AB0C-5DC21D281959}.Debug|x86.ActiveCfg = Debug|Win32
		{46FE60E6-D3FB-4BDD-AB0C-5DC21D281959}.Debug|x86.Build.0 = Debug|Win32
		{46FE60E6-D3FB-4BDD-AB0C-5DC21D281959}.Release|x64.ActiveCfg = Release|x64
		{46FE60E6-D3FB-4BDD-AB0C-5DC21D281959}.Release|x64.Build.0 = Release|x64
		{46FE60E6-D3FB-4BDD-AB0C-5DC21D281959}.Release|x86.ActiveCfg = Release|Win32
		{46FE60E6-D3FB-4BDD-AB0C-5DC21D281959}.Release|x86.Build.0 = Release|Win32
		{16C75A6E-0D21-4608-BFB0-4607BED64FAF}.Debug|x64.ActiveCfg = Debug|x64
		{16C75A6E-0D21-4608-BFB0-4607BED64FAF}.Debug|x64.Build.0 = Debug|x64
		{16C75A6E-0D21-4608-BFB0-4607BED64FAF}.Debug|x86.ActiveCfg = Debug|Win32
		{16C75A6E-0D21-4608-BFB0-4607BED64FAF}.Debug|x86.Build.0 = Debug|Win32
		{16C75A6E-0D21-4608-BFB0-4607BED64FAF}.Release|x64.ActiveCfg = Release|x64
		{16C75A6E-0D21-4608-BFB0-4607BED64FAF}.Release|x64.Build.0 = Release|x64
		{16C75A6E-0D21-4608-BFB0-4607BED64FAF}.Release|x86.ActiveCfg = Release|Win32
		{16C75A6E-0D21-4608-BFB0-4607BED64FAF}.Release|x86.Build.0 = Release|Win32
		{B43EA864-555D-4FA0-87E8-249A68D4D313}.Debug|x64.ActiveCfg = Debug|x64
		{B43EA864-555D-4FA0-87E8-249A68D4D313}.Debug|x64.Build.0 = Debug|x64
		{B43EA864-555D-4FA0-87E8-249A68D4D313}.Debug|x86.ActiveCfg = Debug|Win32
		{B43EA864-555D-4FA0-87E8-249A68D4D313}.Debug|x86.Build.0 = Debug|Win32
		{B43EA864-555D-4FA0-87E8-249A68D4D313}.Release|x64.ActiveCfg = Release|x64
		{B43EA864-555D-4FA0-87E8-249A68D4D313}.Release|x64.Build.0 = Release|x64
		{B43EA864-555D-4FA0-87E8-249A68D4D313}.Release|x86.ActiveCfg = Release|Win32
		{B43EA864-555D-4FA0-87E8-249A68D4D313}.Release|x86.Build.0 = Release|Win32
		{AAA992E2-170D-4F34-AB86-D384EB9DEE98}.Debug|x64.ActiveCfg = Debug|x64
		{AAA992E2-170D-4F34-AB86-D384EB9DEE98}.Debug|x64.Build.0 = Debug|x64
		{AAA992E2-170D-4F34-AB86-D384EB9DEE98}.Debug|x86.ActiveCfg = Debug|Win32
		{AAA992E2-170D-4F34-AB86-D384EB9DEE98}.Debug|x86.Build.0 = Debug|Win32
		{AAA992E2-170D-4F34-AB86-D384EB9DEE98}.Release|x64.ActiveCfg = Release|x64
		{AAA992E2-170D-4F34-AB86-D384EB9DEE98}.Release|x64.Build.0 = Release|x64
		{AAA992E2-170D-4F34-AB86-D384EB9DEE98}.Release|x86.ActiveCfg = Release|Win32
		{AAA992E2-170D-4F34-AB86-D384EB9DEE98}.Release|x86.Build.0 = Release|Win32
		{3C78D5C3-D4DB-499F-8DC9-4530D2A2B734}.Debug|x64.ActiveCfg = Debug|x64
		{3C78D5C3-D4DB-499F-8DC9-4530D2A2B734}.Debug|x64.Build.0 = Debug|x64
		{3C78D5C3-D4DB-499F-8DC9-4530D2A2B734}.Debug|x86.ActiveCfg = Debug|Win32
		{3C78D5C3-D4DB-499F-8DC9-4530D2A2B734}.Debug|x86.Build.0 = Debug|Win32
		{3C78D5C3-D4DB-499F-8DC9-4530D2A2B734}.Release|x64.ActiveCfg = Release|x64
		{3C78D5C3-D4DB-499F-8DC9-4530D2A2B734}.Release|x64.Build.0 = Release|x64
		{3C78D5C3-D4DB-499F-8DC9-4530D2A2B734}.Release|x86.ActiveCfg = Release|Win32
		{3C78D5C3-D4DB-499F-8DC9-4530D2A2B734}.Release|x86.Build.0 = Release|Win32
	EndGlobalSection
	GlobalSection(SolutionProperties) = preSolution
		HideSolutionNode = FALSE
	EndGlobalSection
	GlobalSection(ExtensibilityGlobals) = postSolution
		SolutionGuid = {23B5394F-0442-4050-8870-302DCB0856DA}
	EndGlobalSection
EndGlobal
