
Microsoft Visual Studio Solution File, Format Version 12.00
# Visual Studio Version 17
VisualStudioVersion = 17.0.32112.339
MinimumVisualStudioVersion = 10.0.40219.1
Project("{8BC9CEB8-8B4A-11D0-8D11-00A0C91BC942}") = "client_sample", "client_sample\client_sample.vcxproj", "{DCB4DC6C-AE50-42B1-A2C8-7B345E09975E}"
EndProject
Project("{8BC9CEB8-8B4A-11D0-8D11-00A0C91BC942}") = "Server_sample", "Server_sample\Server_sample.vcxproj", "{AD5F8767-B592-4A0B-BA77-F4922397FD7B}"
EndProject
Project("{8BC9CEB8-8B4A-11D0-8D11-00A0C91BC942}") = "2020_StressW", "2020_StressW\2020_StressW.vcxproj", "{906A6C38-9254-47E4-8420-3EBFF7A77584}"
EndProject
Project("{8BC9CEB8-8B4A-11D0-8D11-00A0C91BC942}") = "Lua", "Lua\Lua.vcxproj", "{3B7B7EE8-66B9-43B9-8E74-F82413C8327A}"
EndProject
Project("{8BC9CEB8-8B4A-11D0-8D11-00A0C91BC942}") = "Database", "Database\Database.vcxproj", "{3A761976-BFC4-44C3-8D26-C67BCCAAE0B7}"
EndProject
Project("{8BC9CEB8-8B4A-11D0-8D11-00A0C91BC942}") = "Asio Project", "Asio Project\Asio Project.vcxproj", "{637987C2-C40C-4A27-BB7F-D2D977056C57}"
EndProject
Project("{8BC9CEB8-8B4A-11D0-8D11-00A0C91BC942}") = "Asio Server", "Asio Server\Asio Server.vcxproj", "{77401D29-8A52-45EA-A3FD-CB8511BD678E}"
EndProject
Project("{8BC9CEB8-8B4A-11D0-8D11-00A0C91BC942}") = "Asio Game Server", "Asio Game Server\Asio Game Server.vcxproj", "{386695E4-0712-43CB-9D0A-AE883A1BA370}"
EndProject
Global
	GlobalSection(SolutionConfigurationPlatforms) = preSolution
		Debug|x64 = Debug|x64
		Debug|x86 = Debug|x86
		Release|x64 = Release|x64
		Release|x86 = Release|x86
	EndGlobalSection
	GlobalSection(ProjectConfigurationPlatforms) = postSolution
		{DCB4DC6C-AE50-42B1-A2C8-7B345E09975E}.Debug|x64.ActiveCfg = Debug|x64
		{DCB4DC6C-AE50-42B1-A2C8-7B345E09975E}.Debug|x64.Build.0 = Debug|x64
		{DCB4DC6C-AE50-42B1-A2C8-7B345E09975E}.Debug|x86.ActiveCfg = Debug|Win32
		{DCB4DC6C-AE50-42B1-A2C8-7B345E09975E}.Debug|x86.Build.0 = Debug|Win32
		{DCB4DC6C-AE50-42B1-A2C8-7B345E09975E}.Release|x64.ActiveCfg = Release|x64
		{DCB4DC6C-AE50-42B1-A2C8-7B345E09975E}.Release|x64.Build.0 = Release|x64
		{DCB4DC6C-AE50-42B1-A2C8-7B345E09975E}.Release|x86.ActiveCfg = Release|Win32
		{DCB4DC6C-AE50-42B1-A2C8-7B345E09975E}.Release|x86.Build.0 = Release|Win32
		{AD5F8767-B592-4A0B-BA77-F4922397FD7B}.Debug|x64.ActiveCfg = Debug|x64
		{AD5F8767-B592-4A0B-BA77-F4922397FD7B}.Debug|x64.Build.0 = Debug|x64
		{AD5F8767-B592-4A0B-BA77-F4922397FD7B}.Debug|x86.ActiveCfg = Debug|Win32
		{AD5F8767-B592-4A0B-BA77-F4922397FD7B}.Debug|x86.Build.0 = Debug|Win32
		{AD5F8767-B592-4A0B-BA77-F4922397FD7B}.Release|x64.ActiveCfg = Release|x64
		{AD5F8767-B592-4A0B-BA77-F4922397FD7B}.Release|x64.Build.0 = Release|x64
		{AD5F8767-B592-4A0B-BA77-F4922397FD7B}.Release|x86.ActiveCfg = Release|Win32
		{AD5F8767-B592-4A0B-BA77-F4922397FD7B}.Release|x86.Build.0 = Release|Win32
		{906A6C38-9254-47E4-8420-3EBFF7A77584}.Debug|x64.ActiveCfg = Debug|x64
		{906A6C38-9254-47E4-8420-3EBFF7A77584}.Debug|x64.Build.0 = Debug|x64
		{906A6C38-9254-47E4-8420-3EBFF7A77584}.Debug|x86.ActiveCfg = Debug|Win32
		{906A6C38-9254-47E4-8420-3EBFF7A77584}.Debug|x86.Build.0 = Debug|Win32
		{906A6C38-9254-47E4-8420-3EBFF7A77584}.Release|x64.ActiveCfg = Release|x64
		{906A6C38-9254-47E4-8420-3EBFF7A77584}.Release|x64.Build.0 = Release|x64
		{906A6C38-9254-47E4-8420-3EBFF7A77584}.Release|x86.ActiveCfg = Release|Win32
		{906A6C38-9254-47E4-8420-3EBFF7A77584}.Release|x86.Build.0 = Release|Win32
		{3B7B7EE8-66B9-43B9-8E74-F82413C8327A}.Debug|x64.ActiveCfg = Debug|x64
		{3B7B7EE8-66B9-43B9-8E74-F82413C8327A}.Debug|x64.Build.0 = Debug|x64
		{3B7B7EE8-66B9-43B9-8E74-F82413C8327A}.Debug|x86.ActiveCfg = Debug|Win32
		{3B7B7EE8-66B9-43B9-8E74-F82413C8327A}.Debug|x86.Build.0 = Debug|Win32
		{3B7B7EE8-66B9-43B9-8E74-F82413C8327A}.Release|x64.ActiveCfg = Release|x64
		{3B7B7EE8-66B9-43B9-8E74-F82413C8327A}.Release|x64.Build.0 = Release|x64
		{3B7B7EE8-66B9-43B9-8E74-F82413C8327A}.Release|x86.ActiveCfg = Release|Win32
		{3B7B7EE8-66B9-43B9-8E74-F82413C8327A}.Release|x86.Build.0 = Release|Win32
		{3A761976-BFC4-44C3-8D26-C67BCCAAE0B7}.Debug|x64.ActiveCfg = Debug|x64
		{3A761976-BFC4-44C3-8D26-C67BCCAAE0B7}.Debug|x64.Build.0 = Debug|x64
		{3A761976-BFC4-44C3-8D26-C67BCCAAE0B7}.Debug|x86.ActiveCfg = Debug|Win32
		{3A761976-BFC4-44C3-8D26-C67BCCAAE0B7}.Debug|x86.Build.0 = Debug|Win32
		{3A761976-BFC4-44C3-8D26-C67BCCAAE0B7}.Release|x64.ActiveCfg = Release|x64
		{3A761976-BFC4-44C3-8D26-C67BCCAAE0B7}.Release|x64.Build.0 = Release|x64
		{3A761976-BFC4-44C3-8D26-C67BCCAAE0B7}.Release|x86.ActiveCfg = Release|Win32
		{3A761976-BFC4-44C3-8D26-C67BCCAAE0B7}.Release|x86.Build.0 = Release|Win32
		{637987C2-C40C-4A27-BB7F-D2D977056C57}.Debug|x64.ActiveCfg = Debug|x64
		{637987C2-C40C-4A27-BB7F-D2D977056C57}.Debug|x64.Build.0 = Debug|x64
		{637987C2-C40C-4A27-BB7F-D2D977056C57}.Debug|x86.ActiveCfg = Debug|Win32
		{637987C2-C40C-4A27-BB7F-D2D977056C57}.Debug|x86.Build.0 = Debug|Win32
		{637987C2-C40C-4A27-BB7F-D2D977056C57}.Release|x64.ActiveCfg = Release|x64
		{637987C2-C40C-4A27-BB7F-D2D977056C57}.Release|x64.Build.0 = Release|x64
		{637987C2-C40C-4A27-BB7F-D2D977056C57}.Release|x86.ActiveCfg = Release|Win32
		{637987C2-C40C-4A27-BB7F-D2D977056C57}.Release|x86.Build.0 = Release|Win32
		{77401D29-8A52-45EA-A3FD-CB8511BD678E}.Debug|x64.ActiveCfg = Debug|x64
		{77401D29-8A52-45EA-A3FD-CB8511BD678E}.Debug|x64.Build.0 = Debug|x64
		{77401D29-8A52-45EA-A3FD-CB8511BD678E}.Debug|x86.ActiveCfg = Debug|Win32
		{77401D29-8A52-45EA-A3FD-CB8511BD678E}.Debug|x86.Build.0 = Debug|Win32
		{77401D29-8A52-45EA-A3FD-CB8511BD678E}.Release|x64.ActiveCfg = Release|x64
		{77401D29-8A52-45EA-A3FD-CB8511BD678E}.Release|x64.Build.0 = Release|x64
		{77401D29-8A52-45EA-A3FD-CB8511BD678E}.Release|x86.ActiveCfg = Release|Win32
		{77401D29-8A52-45EA-A3FD-CB8511BD678E}.Release|x86.Build.0 = Release|Win32
		{386695E4-0712-43CB-9D0A-AE883A1BA370}.Debug|x64.ActiveCfg = Debug|x64
		{386695E4-0712-43CB-9D0A-AE883A1BA370}.Debug|x64.Build.0 = Debug|x64
		{386695E4-0712-43CB-9D0A-AE883A1BA370}.Debug|x86.ActiveCfg = Debug|Win32
		{386695E4-0712-43CB-9D0A-AE883A1BA370}.Debug|x86.Build.0 = Debug|Win32
		{386695E4-0712-43CB-9D0A-AE883A1BA370}.Release|x64.ActiveCfg = Release|x64
		{386695E4-0712-43CB-9D0A-AE883A1BA370}.Release|x64.Build.0 = Release|x64
		{386695E4-0712-43CB-9D0A-AE883A1BA370}.Release|x86.ActiveCfg = Release|Win32
		{386695E4-0712-43CB-9D0A-AE883A1BA370}.Release|x86.Build.0 = Release|Win32
	EndGlobalSection
	GlobalSection(SolutionProperties) = preSolution
		HideSolutionNode = FALSE
	EndGlobalSection
	GlobalSection(ExtensibilityGlobals) = postSolution
		SolutionGuid = {16E5723C-7A29-4A71-8209-0A460B9DAA24}
	EndGlobalSection
EndGlobal
