
Microsoft Visual Studio Solution File, Format Version 12.00
# Visual Studio Version 17
VisualStudioVersion = 17.2.32526.322
MinimumVisualStudioVersion = 10.0.40219.1
Project("{8BC9CEB8-8B4A-11D0-8D11-00A0C91BC942}") = "WorldServer", "WorldServer.vcxproj", "{B3FC62C6-CA7D-4715-9D15-1E252508210E}"
EndProject
Global
	GlobalSection(SolutionConfigurationPlatforms) = preSolution
		Debug|x64 = Debug|x64
		Debug|x86 = Debug|x86
		Release|x64 = Release|x64
		Release|x86 = Release|x86
	EndGlobalSection
	GlobalSection(ProjectConfigurationPlatforms) = postSolution
		{B3FC62C6-CA7D-4715-9D15-1E252508210E}.Debug|x64.ActiveCfg = Debug|x64
		{B3FC62C6-CA7D-4715-9D15-1E252508210E}.Debug|x64.Build.0 = Debug|x64
		{B3FC62C6-CA7D-4715-9D15-1E252508210E}.Debug|x86.ActiveCfg = Debug|Win32
		{B3FC62C6-CA7D-4715-9D15-1E252508210E}.Debug|x86.Build.0 = Debug|Win32
		{B3FC62C6-CA7D-4715-9D15-1E252508210E}.Release|x64.ActiveCfg = Release|x64
		{B3FC62C6-CA7D-4715-9D15-1E252508210E}.Release|x64.Build.0 = Release|x64
		{B3FC62C6-CA7D-4715-9D15-1E252508210E}.Release|x86.ActiveCfg = Release|Win32
		{B3FC62C6-CA7D-4715-9D15-1E252508210E}.Release|x86.Build.0 = Release|Win32
	EndGlobalSection
	GlobalSection(SolutionProperties) = preSolution
		HideSolutionNode = FALSE
	EndGlobalSection
	GlobalSection(ExtensibilityGlobals) = postSolution
		SolutionGuid = {D5279B82-676A-45FE-BEFA-A7F220BED514}
	EndGlobalSection
EndGlobal
