<?xml version="1.0" encoding="utf-8"?>
<Project ToolsVersion="4.0" xmlns="http://schemas.microsoft.com/developer/msbuild/2003">
  <ItemGroup>
    <Filter Include="소스 파일">
      <UniqueIdentifier>{4FC737F1-C7A5-4376-A066-2A32D752A2FF}</UniqueIdentifier>
      <Extensions>cpp;c;cc;cxx;c++;cppm;ixx;def;odl;idl;hpj;bat;asm;asmx</Extensions>
    </Filter>
    <Filter Include="헤더 파일">
      <UniqueIdentifier>{93995380-89BD-4b04-88EB-625FBE52EBFB}</UniqueIdentifier>
      <Extensions>h;hh;hpp;hxx;h++;hm;inl;inc;ipp;xsd</Extensions>
    </Filter>
    <Filter Include="리소스 파일">
      <UniqueIdentifier>{67DA6AB6-F800-4c08-8B7A-83BB121AAD01}</UniqueIdentifier>
      <Extensions>rc;ico;cur;bmp;dlg;rc2;rct;bin;rgs;gif;jpg;jpeg;jpe;resx;tiff;tif;png;wav;mfcribbon-ms</Extensions>
    </Filter>
    <Filter Include="헤더 파일\Contents">
      <UniqueIdentifier>{db7ab7ca-46f3-4637-b440-c26f4bcb3b43}</UniqueIdentifier>
    </Filter>
    <Filter Include="헤더 파일\System">
      <UniqueIdentifier>{97f7bdc4-ed03-4865-8d33-f2e62fd09f81}</UniqueIdentifier>
    </Filter>
    <Filter Include="헤더 파일\Components">
      <UniqueIdentifier>{2e5d9f73-31cb-428b-b097-49d4e15cf535}</UniqueIdentifier>
    </Filter>
    <Filter Include="헤더 파일\Network">
      <UniqueIdentifier>{e549515b-3773-410d-b9db-b7c658e01387}</UniqueIdentifier>
    </Filter>
    <Filter Include="소스 파일\Network">
      <UniqueIdentifier>{e03dc159-04f2-4f84-9895-53858c5bd917}</UniqueIdentifier>
    </Filter>
    <Filter Include="소스 파일\Contents">
      <UniqueIdentifier>{aac8f0d6-ee52-4398-a781-f9df3056d52d}</UniqueIdentifier>
    </Filter>
    <Filter Include="소스 파일\System">
      <UniqueIdentifier>{4a1aeb87-0a1a-4673-b03c-2a5e45e97e51}</UniqueIdentifier>
    </Filter>
    <Filter Include="소스 파일\Components">
      <UniqueIdentifier>{c4b3f600-6fe9-4791-a310-2af34b8c8c48}</UniqueIdentifier>
    </Filter>
  </ItemGroup>
  <ItemGroup>
    <ClInclude Include="Framework.hpp">
      <Filter>헤더 파일\System</Filter>
    </ClInclude>
    <ClInclude Include="PlayerCharacter.hpp">
      <Filter>헤더 파일\Contents</Filter>
    </ClInclude>
    <ClInclude Include="SightInstances.hpp">
      <Filter>헤더 파일\System</Filter>
    </ClInclude>
    <ClInclude Include="SightSector.hpp">
      <Filter>헤더 파일\System</Filter>
    </ClInclude>
    <ClInclude Include="GameObject.hpp">
      <Filter>헤더 파일\Components</Filter>
    </ClInclude>
    <ClInclude Include="GameEntity.hpp">
      <Filter>헤더 파일\Components</Filter>
    </ClInclude>
    <ClInclude Include="Timer.hpp">
      <Filter>헤더 파일\System</Filter>
    </ClInclude>
    <ClInclude Include="GameCamera.hpp">
      <Filter>헤더 파일\Components</Filter>
    </ClInclude>
    <ClInclude Include="stdafx.hpp">
      <Filter>헤더 파일</Filter>
    </ClInclude>
    <ClInclude Include="Asynchron.hpp">
      <Filter>헤더 파일\Network</Filter>
    </ClInclude>
    <ClInclude Include="Network.hpp">
      <Filter>헤더 파일\Network</Filter>
    </ClInclude>
    <ClInclude Include="SightController.hpp">
      <Filter>헤더 파일</Filter>
    </ClInclude>
    <ClInclude Include="Session.h">
      <Filter>헤더 파일\Network</Filter>
    </ClInclude>
    <ClInclude Include="GameTransform.hpp">
      <Filter>헤더 파일</Filter>
    </ClInclude>
  </ItemGroup>
  <ItemGroup>
    <ClCompile Include="stdafx.cpp">
      <Filter>소스 파일</Filter>
    </ClCompile>
    <ClCompile Include="Asynchron.cpp">
      <Filter>소스 파일\Network</Filter>
    </ClCompile>
    <ClCompile Include="Network.cpp">
      <Filter>소스 파일\Network</Filter>
    </ClCompile>
    <ClCompile Include="PlayerCharacter.cpp">
      <Filter>소스 파일\Contents</Filter>
    </ClCompile>
    <ClCompile Include="Framework.cpp">
      <Filter>소스 파일\System</Filter>
    </ClCompile>
    <ClCompile Include="Main.cpp">
      <Filter>소스 파일</Filter>
    </ClCompile>
    <ClCompile Include="SightInstances.cpp">
      <Filter>소스 파일\System</Filter>
    </ClCompile>
    <ClCompile Include="SightSector.cpp">
      <Filter>소스 파일\System</Filter>
    </ClCompile>
    <ClCompile Include="Timer.cpp">
      <Filter>소스 파일\System</Filter>
    </ClCompile>
    <ClCompile Include="GameCamera.cpp">
      <Filter>소스 파일\Components</Filter>
    </ClCompile>
    <ClCompile Include="GameEntity.cpp">
      <Filter>소스 파일\Components</Filter>
    </ClCompile>
    <ClCompile Include="GameObject.cpp">
      <Filter>소스 파일\Components</Filter>
    </ClCompile>
    <ClCompile Include="Session.cpp">
      <Filter>소스 파일\Network</Filter>
    </ClCompile>
    <ClCompile Include="SightController.cpp">
      <Filter>소스 파일\System</Filter>
    </ClCompile>
    <ClCompile Include="GameTransform.cpp">
      <Filter>소스 파일</Filter>
    </ClCompile>
  </ItemGroup>
</Project>